
Microsoft Visual Studio Solution File, Format Version 12.00
# Visual Studio Version 17
VisualStudioVersion = 17.4.33213.308
MinimumVisualStudioVersion = 10.0.40219.1
Project("{9A19103F-16F7-4668-BE54-9A1E7A4F7556}") = "CompanyEmployees", "src\CompanyEmpolyees\CompanyEmployees.csproj", "{69592CED-F5E4-439A-B882-AB2390302CFC}"
EndProject
Project("{9A19103F-16F7-4668-BE54-9A1E7A4F7556}") = "Contracts", "src\Contracts\Contracts.csproj", "{93934C9D-E86C-4344-A932-062F84A3D8C5}"
EndProject
Project("{9A19103F-16F7-4668-BE54-9A1E7A4F7556}") = "Entities", "src\Entities\Entities.csproj", "{D131B62D-1C77-4E3D-846E-CDCAEF3FB205}"
EndProject
Project("{9A19103F-16F7-4668-BE54-9A1E7A4F7556}") = "Repository", "src\Repository\Repository.csproj", "{C346CD8D-473E-4B59-989B-5B9445A0C83C}"
EndProject
Project("{9A19103F-16F7-4668-BE54-9A1E7A4F7556}") = "LoggerService", "src\LoggerService\LoggerService.csproj", "{C852C725-A586-47BC-AEDD-D6B66FC2D7DE}"
EndProject
Project("{FAE04EC0-301F-11D3-BF4B-00C04F79EFBC}") = "Service.Contracts", "src\Service.Contracts\Service.Contracts.csproj", "{847EF893-63CD-4ED3-BC97-8C88AACD3FDF}"
EndProject
Project("{FAE04EC0-301F-11D3-BF4B-00C04F79EFBC}") = "Service", "src\Service\Service.csproj", "{AEE4B318-DA98-4388-9B0E-0DC057AA4CD8}"
EndProject
Global
	GlobalSection(SolutionConfigurationPlatforms) = preSolution
		Debug|Any CPU = Debug|Any CPU
		Release|Any CPU = Release|Any CPU
	EndGlobalSection
	GlobalSection(ProjectConfigurationPlatforms) = postSolution
		{69592CED-F5E4-439A-B882-AB2390302CFC}.Debug|Any CPU.ActiveCfg = Debug|Any CPU
		{69592CED-F5E4-439A-B882-AB2390302CFC}.Debug|Any CPU.Build.0 = Debug|Any CPU
		{69592CED-F5E4-439A-B882-AB2390302CFC}.Release|Any CPU.ActiveCfg = Release|Any CPU
		{69592CED-F5E4-439A-B882-AB2390302CFC}.Release|Any CPU.Build.0 = Release|Any CPU
		{93934C9D-E86C-4344-A932-062F84A3D8C5}.Debug|Any CPU.ActiveCfg = Debug|Any CPU
		{93934C9D-E86C-4344-A932-062F84A3D8C5}.Debug|Any CPU.Build.0 = Debug|Any CPU
		{93934C9D-E86C-4344-A932-062F84A3D8C5}.Release|Any CPU.ActiveCfg = Release|Any CPU
		{93934C9D-E86C-4344-A932-062F84A3D8C5}.Release|Any CPU.Build.0 = Release|Any CPU
		{D131B62D-1C77-4E3D-846E-CDCAEF3FB205}.Debug|Any CPU.ActiveCfg = Debug|Any CPU
		{D131B62D-1C77-4E3D-846E-CDCAEF3FB205}.Debug|Any CPU.Build.0 = Debug|Any CPU
		{D131B62D-1C77-4E3D-846E-CDCAEF3FB205}.Release|Any CPU.ActiveCfg = Release|Any CPU
		{D131B62D-1C77-4E3D-846E-CDCAEF3FB205}.Release|Any CPU.Build.0 = Release|Any CPU
		{C346CD8D-473E-4B59-989B-5B9445A0C83C}.Debug|Any CPU.ActiveCfg = Debug|Any CPU
		{C346CD8D-473E-4B59-989B-5B9445A0C83C}.Debug|Any CPU.Build.0 = Debug|Any CPU
		{C346CD8D-473E-4B59-989B-5B9445A0C83C}.Release|Any CPU.ActiveCfg = Release|Any CPU
		{C346CD8D-473E-4B59-989B-5B9445A0C83C}.Release|Any CPU.Build.0 = Release|Any CPU
		{C852C725-A586-47BC-AEDD-D6B66FC2D7DE}.Debug|Any CPU.ActiveCfg = Debug|Any CPU
		{C852C725-A586-47BC-AEDD-D6B66FC2D7DE}.Debug|Any CPU.Build.0 = Debug|Any CPU
		{C852C725-A586-47BC-AEDD-D6B66FC2D7DE}.Release|Any CPU.ActiveCfg = Release|Any CPU
		{C852C725-A586-47BC-AEDD-D6B66FC2D7DE}.Release|Any CPU.Build.0 = Release|Any CPU
		{847EF893-63CD-4ED3-BC97-8C88AACD3FDF}.Debug|Any CPU.ActiveCfg = Debug|Any CPU
		{847EF893-63CD-4ED3-BC97-8C88AACD3FDF}.Debug|Any CPU.Build.0 = Debug|Any CPU
		{847EF893-63CD-4ED3-BC97-8C88AACD3FDF}.Release|Any CPU.ActiveCfg = Release|Any CPU
		{847EF893-63CD-4ED3-BC97-8C88AACD3FDF}.Release|Any CPU.Build.0 = Release|Any CPU
		{AEE4B318-DA98-4388-9B0E-0DC057AA4CD8}.Debug|Any CPU.ActiveCfg = Debug|Any CPU
		{AEE4B318-DA98-4388-9B0E-0DC057AA4CD8}.Debug|Any CPU.Build.0 = Debug|Any CPU
		{AEE4B318-DA98-4388-9B0E-0DC057AA4CD8}.Release|Any CPU.ActiveCfg = Release|Any CPU
		{AEE4B318-DA98-4388-9B0E-0DC057AA4CD8}.Release|Any CPU.Build.0 = Release|Any CPU
	EndGlobalSection
	GlobalSection(SolutionProperties) = preSolution
		HideSolutionNode = FALSE
	EndGlobalSection
	GlobalSection(ExtensibilityGlobals) = postSolution
		SolutionGuid = {BCE0F247-8B91-4282-910E-1F7B517F5A17}
	EndGlobalSection
EndGlobal
